
Microsoft Visual Studio Solution File, Format Version 12.00
# Visual Studio 14
VisualStudioVersion = 14.0.25420.1
MinimumVisualStudioVersion = 10.0.40219.1
Project("{FAE04EC0-301F-11D3-BF4B-00C04F79EFBC}") = "FinalYearProjects", "FinalYearProjects\FinalYearProjects.csproj", "{1D4758FC-892B-47BF-B46C-7446AFE56BA7}"
EndProject
Project("{FAE04EC0-301F-11D3-BF4B-00C04F79EFBC}") = "ClassLibrary", "ClassLibrary\ClassLibrary.csproj", "{9EEA1E8E-5040-4D02-AC3F-A623C394FA62}"
EndProject
Global
	GlobalSection(SolutionConfigurationPlatforms) = preSolution
		Debug|Any CPU = Debug|Any CPU
		Release|Any CPU = Release|Any CPU
	EndGlobalSection
	GlobalSection(ProjectConfigurationPlatforms) = postSolution
		{1D4758FC-892B-47BF-B46C-7446AFE56BA7}.Debug|Any CPU.ActiveCfg = Debug|Any CPU
		{1D4758FC-892B-47BF-B46C-7446AFE56BA7}.Debug|Any CPU.Build.0 = Debug|Any CPU
		{1D4758FC-892B-47BF-B46C-7446AFE56BA7}.Release|Any CPU.ActiveCfg = Release|Any CPU
		{1D4758FC-892B-47BF-B46C-7446AFE56BA7}.Release|Any CPU.Build.0 = Release|Any CPU
		{9EEA1E8E-5040-4D02-AC3F-A623C394FA62}.Debug|Any CPU.ActiveCfg = Debug|Any CPU
		{9EEA1E8E-5040-4D02-AC3F-A623C394FA62}.Debug|Any CPU.Build.0 = Debug|Any CPU
		{9EEA1E8E-5040-4D02-AC3F-A623C394FA62}.Release|Any CPU.ActiveCfg = Release|Any CPU
		{9EEA1E8E-5040-4D02-AC3F-A623C394FA62}.Release|Any CPU.Build.0 = Release|Any CPU
	EndGlobalSection
	GlobalSection(SolutionProperties) = preSolution
		HideSolutionNode = FALSE
	EndGlobalSection
EndGlobal
